
Microsoft Visual Studio Solution File, Format Version 12.00
# Visual Studio Version 16
VisualStudioVersion = 16.0.29123.88
MinimumVisualStudioVersion = 10.0.40219.1
Project("{FAE04EC0-301F-11D3-BF4B-00C04F79EFBC}") = "MazeRuner", "MazeRuner\MazeRuner.csproj", "{9EB9B627-092F-49D6-AE6D-50215452DA0E}"
EndProject
Global
	GlobalSection(SolutionConfigurationPlatforms) = preSolution
		Debug|Any CPU = Debug|Any CPU
		Release|Any CPU = Release|Any CPU
	EndGlobalSection
	GlobalSection(ProjectConfigurationPlatforms) = postSolution
		{9EB9B627-092F-49D6-AE6D-50215452DA0E}.Debug|Any CPU.ActiveCfg = Debug|Any CPU
		{9EB9B627-092F-49D6-AE6D-50215452DA0E}.Debug|Any CPU.Build.0 = Debug|Any CPU
		{9EB9B627-092F-49D6-AE6D-50215452DA0E}.Release|Any CPU.ActiveCfg = Release|Any CPU
		{9EB9B627-092F-49D6-AE6D-50215452DA0E}.Release|Any CPU.Build.0 = Release|Any CPU
	EndGlobalSection
	GlobalSection(SolutionProperties) = preSolution
		HideSolutionNode = FALSE
	EndGlobalSection
	GlobalSection(ExtensibilityGlobals) = postSolution
		SolutionGuid = {2C80111F-65F7-4B6A-B5E0-1935B4E95BC0}
	EndGlobalSection
EndGlobal
